// !$*UTF8*$!
{
	archiveVersion = 1;
	classes = {
	};
	objectVersion = 56;
	objects = {

/* Begin PBXBuildFile section */
		63ED132229EDF157001DC422 /* AppDelegate.swift in Sources */ = {isa = PBXBuildFile; fileRef = 63ED132129EDF157001DC422 /* AppDelegate.swift */; };
		63ED132429EDF157001DC422 /* SceneDelegate.swift in Sources */ = {isa = PBXBuildFile; fileRef = 63ED132329EDF157001DC422 /* SceneDelegate.swift */; };
		63ED132629EDF157001DC422 /* ViewController.swift in Sources */ = {isa = PBXBuildFile; fileRef = 63ED132529EDF157001DC422 /* ViewController.swift */; };
		63ED132929EDF157001DC422 /* Main.storyboard in Resources */ = {isa = PBXBuildFile; fileRef = 63ED132729EDF157001DC422 /* Main.storyboard */; };
		63ED132B29EDF158001DC422 /* Assets.xcassets in Resources */ = {isa = PBXBuildFile; fileRef = 63ED132A29EDF158001DC422 /* Assets.xcassets */; };
		63ED132E29EDF158001DC422 /* LaunchScreen.storyboard in Resources */ = {isa = PBXBuildFile; fileRef = 63ED132C29EDF158001DC422 /* LaunchScreen.storyboard */; };
		63ED133929EDF158001DC422 /* InstagramCloneTests.swift in Sources */ = {isa = PBXBuildFile; fileRef = 63ED133829EDF158001DC422 /* InstagramCloneTests.swift */; };
		63ED134329EDF158001DC422 /* InstagramCloneUITests.swift in Sources */ = {isa = PBXBuildFile; fileRef = 63ED134229EDF158001DC422 /* InstagramCloneUITests.swift */; };
		63ED134529EDF158001DC422 /* InstagramCloneUITestsLaunchTests.swift in Sources */ = {isa = PBXBuildFile; fileRef = 63ED134429EDF158001DC422 /* InstagramCloneUITestsLaunchTests.swift */; };
		63ED135329EEC748001DC422 /* Section.swift in Sources */ = {isa = PBXBuildFile; fileRef = 63ED135229EEC748001DC422 /* Section.swift */; };
		63ED135629EECBC4001DC422 /* Bundle + Extension.swift in Sources */ = {isa = PBXBuildFile; fileRef = 63ED135529EECBC4001DC422 /* Bundle + Extension.swift */; };
		63ED135829EED9C3001DC422 /* HomePageViewController.swift in Sources */ = {isa = PBXBuildFile; fileRef = 63ED135729EED9C3001DC422 /* HomePageViewController.swift */; };
		63ED135A29EED9EB001DC422 /* ProfileViewController.swift in Sources */ = {isa = PBXBuildFile; fileRef = 63ED135929EED9EB001DC422 /* ProfileViewController.swift */; };
		63ED135D29EEDB63001DC422 /* StoriesCollectionViewCell.swift in Sources */ = {isa = PBXBuildFile; fileRef = 63ED135C29EEDB63001DC422 /* StoriesCollectionViewCell.swift */; };
		63ED136129EEDF28001DC422 /* UserModel.swift in Sources */ = {isa = PBXBuildFile; fileRef = 63ED136029EEDF28001DC422 /* UserModel.swift */; };
		63ED136329EEE0BC001DC422 /* PostModel.swift in Sources */ = {isa = PBXBuildFile; fileRef = 63ED136229EEE0BC001DC422 /* PostModel.swift */; };
		63ED136629EF454D001DC422 /* StoryModel.swift in Sources */ = {isa = PBXBuildFile; fileRef = 63ED136529EF454D001DC422 /* StoryModel.swift */; };
		63ED136829EFFEF7001DC422 /* PostsTableViewCell.swift in Sources */ = {isa = PBXBuildFile; fileRef = 63ED136729EFFEF7001DC422 /* PostsTableViewCell.swift */; };
		63ED136A29F0114D001DC422 /* ProfileStoriesCollectionViewCell.swift in Sources */ = {isa = PBXBuildFile; fileRef = 63ED136929F0114D001DC422 /* ProfileStoriesCollectionViewCell.swift */; };
		63ED137129F01B2B001DC422 /* ProfilePostTableViewCell.swift in Sources */ = {isa = PBXBuildFile; fileRef = 63ED137029F01B2B001DC422 /* ProfilePostTableViewCell.swift */; };
/* End PBXBuildFile section */

/* Begin PBXContainerItemProxy section */
		63ED133529EDF158001DC422 /* PBXContainerItemProxy */ = {
			isa = PBXContainerItemProxy;
			containerPortal = 63ED131629EDF157001DC422 /* Project object */;
			proxyType = 1;
			remoteGlobalIDString = 63ED131D29EDF157001DC422;
			remoteInfo = InstagramClone;
		};
		63ED133F29EDF158001DC422 /* PBXContainerItemProxy */ = {
			isa = PBXContainerItemProxy;
			containerPortal = 63ED131629EDF157001DC422 /* Project object */;
			proxyType = 1;
			remoteGlobalIDString = 63ED131D29EDF157001DC422;
			remoteInfo = InstagramClone;
		};
/* End PBXContainerItemProxy section */

/* Begin PBXFileReference section */
		63ED131E29EDF157001DC422 /* InstagramClone.app */ = {isa = PBXFileReference; explicitFileType = wrapper.application; includeInIndex = 0; path = InstagramClone.app; sourceTree = BUILT_PRODUCTS_DIR; };
		63ED132129EDF157001DC422 /* AppDelegate.swift */ = {isa = PBXFileReference; lastKnownFileType = sourcecode.swift; path = AppDelegate.swift; sourceTree = "<group>"; };
		63ED132329EDF157001DC422 /* SceneDelegate.swift */ = {isa = PBXFileReference; lastKnownFileType = sourcecode.swift; path = SceneDelegate.swift; sourceTree = "<group>"; };
		63ED132529EDF157001DC422 /* ViewController.swift */ = {isa = PBXFileReference; lastKnownFileType = sourcecode.swift; path = ViewController.swift; sourceTree = "<group>"; };
		63ED132829EDF157001DC422 /* Base */ = {isa = PBXFileReference; lastKnownFileType = file.storyboard; name = Base; path = Base.lproj/Main.storyboard; sourceTree = "<group>"; };
		63ED132A29EDF158001DC422 /* Assets.xcassets */ = {isa = PBXFileReference; lastKnownFileType = folder.assetcatalog; path = Assets.xcassets; sourceTree = "<group>"; };
		63ED132D29EDF158001DC422 /* Base */ = {isa = PBXFileReference; lastKnownFileType = file.storyboard; name = Base; path = Base.lproj/LaunchScreen.storyboard; sourceTree = "<group>"; };
		63ED132F29EDF158001DC422 /* Info.plist */ = {isa = PBXFileReference; lastKnownFileType = text.plist.xml; path = Info.plist; sourceTree = "<group>"; };
		63ED133429EDF158001DC422 /* InstagramCloneTests.xctest */ = {isa = PBXFileReference; explicitFileType = wrapper.cfbundle; includeInIndex = 0; path = InstagramCloneTests.xctest; sourceTree = BUILT_PRODUCTS_DIR; };
		63ED133829EDF158001DC422 /* InstagramCloneTests.swift */ = {isa = PBXFileReference; lastKnownFileType = sourcecode.swift; path = InstagramCloneTests.swift; sourceTree = "<group>"; };
		63ED133E29EDF158001DC422 /* InstagramCloneUITests.xctest */ = {isa = PBXFileReference; explicitFileType = wrapper.cfbundle; includeInIndex = 0; path = InstagramCloneUITests.xctest; sourceTree = BUILT_PRODUCTS_DIR; };
		63ED134229EDF158001DC422 /* InstagramCloneUITests.swift */ = {isa = PBXFileReference; lastKnownFileType = sourcecode.swift; path = InstagramCloneUITests.swift; sourceTree = "<group>"; };
		63ED134429EDF158001DC422 /* InstagramCloneUITestsLaunchTests.swift */ = {isa = PBXFileReference; lastKnownFileType = sourcecode.swift; path = InstagramCloneUITestsLaunchTests.swift; sourceTree = "<group>"; };
		63ED135229EEC748001DC422 /* Section.swift */ = {isa = PBXFileReference; lastKnownFileType = sourcecode.swift; path = Section.swift; sourceTree = "<group>"; };
		63ED135529EECBC4001DC422 /* Bundle + Extension.swift */ = {isa = PBXFileReference; lastKnownFileType = sourcecode.swift; path = "Bundle + Extension.swift"; sourceTree = "<group>"; };
		63ED135729EED9C3001DC422 /* HomePageViewController.swift */ = {isa = PBXFileReference; lastKnownFileType = sourcecode.swift; path = HomePageViewController.swift; sourceTree = "<group>"; };
		63ED135929EED9EB001DC422 /* ProfileViewController.swift */ = {isa = PBXFileReference; lastKnownFileType = sourcecode.swift; path = ProfileViewController.swift; sourceTree = "<group>"; };
		63ED135C29EEDB63001DC422 /* StoriesCollectionViewCell.swift */ = {isa = PBXFileReference; lastKnownFileType = sourcecode.swift; path = StoriesCollectionViewCell.swift; sourceTree = "<group>"; };
		63ED136029EEDF28001DC422 /* UserModel.swift */ = {isa = PBXFileReference; lastKnownFileType = sourcecode.swift; path = UserModel.swift; sourceTree = "<group>"; };
		63ED136229EEE0BC001DC422 /* PostModel.swift */ = {isa = PBXFileReference; lastKnownFileType = sourcecode.swift; path = PostModel.swift; sourceTree = "<group>"; };
		63ED136529EF454D001DC422 /* StoryModel.swift */ = {isa = PBXFileReference; lastKnownFileType = sourcecode.swift; path = StoryModel.swift; sourceTree = "<group>"; };
		63ED136729EFFEF7001DC422 /* PostsTableViewCell.swift */ = {isa = PBXFileReference; lastKnownFileType = sourcecode.swift; path = PostsTableViewCell.swift; sourceTree = "<group>"; };
		63ED136929F0114D001DC422 /* ProfileStoriesCollectionViewCell.swift */ = {isa = PBXFileReference; lastKnownFileType = sourcecode.swift; path = ProfileStoriesCollectionViewCell.swift; sourceTree = "<group>"; };
		63ED137029F01B2B001DC422 /* ProfilePostTableViewCell.swift */ = {isa = PBXFileReference; lastKnownFileType = sourcecode.swift; path = ProfilePostTableViewCell.swift; sourceTree = "<group>"; };
/* End PBXFileReference section */

/* Begin PBXFrameworksBuildPhase section */
		63ED131B29EDF157001DC422 /* Frameworks */ = {
			isa = PBXFrameworksBuildPhase;
			buildActionMask = 2147483647;
			files = (
			);
			runOnlyForDeploymentPostprocessing = 0;
		};
		63ED133129EDF158001DC422 /* Frameworks */ = {
			isa = PBXFrameworksBuildPhase;
			buildActionMask = 2147483647;
			files = (
			);
			runOnlyForDeploymentPostprocessing = 0;
		};
		63ED133B29EDF158001DC422 /* Frameworks */ = {
			isa = PBXFrameworksBuildPhase;
			buildActionMask = 2147483647;
			files = (
			);
			runOnlyForDeploymentPostprocessing = 0;
		};
/* End PBXFrameworksBuildPhase section */

/* Begin PBXGroup section */
		63ED131529EDF157001DC422 = {
			isa = PBXGroup;
			children = (
				63ED132029EDF157001DC422 /* InstagramClone */,
				63ED133729EDF158001DC422 /* InstagramCloneTests */,
				63ED134129EDF158001DC422 /* InstagramCloneUITests */,
				63ED131F29EDF157001DC422 /* Products */,
			);
			sourceTree = "<group>";
		};
		63ED131F29EDF157001DC422 /* Products */ = {
			isa = PBXGroup;
			children = (
				63ED131E29EDF157001DC422 /* InstagramClone.app */,
				63ED133429EDF158001DC422 /* InstagramCloneTests.xctest */,
				63ED133E29EDF158001DC422 /* InstagramCloneUITests.xctest */,
			);
			name = Products;
			sourceTree = "<group>";
		};
		63ED132029EDF157001DC422 /* InstagramClone */ = {
			isa = PBXGroup;
			children = (
				63ED135429EECB84001DC422 /* Extension */,
				63ED135129EEC702001DC422 /* Model */,
				63ED132129EDF157001DC422 /* AppDelegate.swift */,
				63ED132329EDF157001DC422 /* SceneDelegate.swift */,
				63ED135E29EEDE63001DC422 /* Views */,
				63ED132529EDF157001DC422 /* ViewController.swift */,
				63ED132729EDF157001DC422 /* Main.storyboard */,
				63ED132A29EDF158001DC422 /* Assets.xcassets */,
				63ED132C29EDF158001DC422 /* LaunchScreen.storyboard */,
				63ED132F29EDF158001DC422 /* Info.plist */,
			);
			path = InstagramClone;
			sourceTree = "<group>";
		};
		63ED133729EDF158001DC422 /* InstagramCloneTests */ = {
			isa = PBXGroup;
			children = (
				63ED133829EDF158001DC422 /* InstagramCloneTests.swift */,
			);
			path = InstagramCloneTests;
			sourceTree = "<group>";
		};
		63ED134129EDF158001DC422 /* InstagramCloneUITests */ = {
			isa = PBXGroup;
			children = (
				63ED134229EDF158001DC422 /* InstagramCloneUITests.swift */,
				63ED134429EDF158001DC422 /* InstagramCloneUITestsLaunchTests.swift */,
			);
			path = InstagramCloneUITests;
			sourceTree = "<group>";
		};
		63ED135129EEC702001DC422 /* Model */ = {
			isa = PBXGroup;
			children = (
				63ED135229EEC748001DC422 /* Section.swift */,
				63ED136029EEDF28001DC422 /* UserModel.swift */,
				63ED136229EEE0BC001DC422 /* PostModel.swift */,
				63ED136529EF454D001DC422 /* StoryModel.swift */,
			);
			path = Model;
			sourceTree = "<group>";
		};
		63ED135429EECB84001DC422 /* Extension */ = {
			isa = PBXGroup;
			children = (
				63ED135529EECBC4001DC422 /* Bundle + Extension.swift */,
			);
			path = Extension;
			sourceTree = "<group>";
		};
		63ED135E29EEDE63001DC422 /* Views */ = {
			isa = PBXGroup;
			children = (
				63ED136F29F0196E001DC422 /* Profile */,
				63ED136E29F0195C001DC422 /* HomePage */,
			);
			path = Views;
			sourceTree = "<group>";
		};
		63ED136E29F0195C001DC422 /* HomePage */ = {
			isa = PBXGroup;
			children = (
				63ED135729EED9C3001DC422 /* HomePageViewController.swift */,
				63ED135C29EEDB63001DC422 /* StoriesCollectionViewCell.swift */,
				63ED136729EFFEF7001DC422 /* PostsTableViewCell.swift */,
			);
			path = HomePage;
			sourceTree = "<group>";
		};
		63ED136F29F0196E001DC422 /* Profile */ = {
			isa = PBXGroup;
			children = (
				63ED135929EED9EB001DC422 /* ProfileViewController.swift */,
				63ED136929F0114D001DC422 /* ProfileStoriesCollectionViewCell.swift */,
				63ED137029F01B2B001DC422 /* ProfilePostTableViewCell.swift */,
			);
			path = Profile;
			sourceTree = "<group>";
		};
/* End PBXGroup section */

/* Begin PBXNativeTarget section */
		63ED131D29EDF157001DC422 /* InstagramClone */ = {
			isa = PBXNativeTarget;
			buildConfigurationList = 63ED134829EDF158001DC422 /* Build configuration list for PBXNativeTarget "InstagramClone" */;
			buildPhases = (
				63ED131A29EDF157001DC422 /* Sources */,
				63ED131B29EDF157001DC422 /* Frameworks */,
				63ED131C29EDF157001DC422 /* Resources */,
			);
			buildRules = (
			);
			dependencies = (
			);
			name = InstagramClone;
			productName = InstagramClone;
			productReference = 63ED131E29EDF157001DC422 /* InstagramClone.app */;
			productType = "com.apple.product-type.application";
		};
		63ED133329EDF158001DC422 /* InstagramCloneTests */ = {
			isa = PBXNativeTarget;
			buildConfigurationList = 63ED134B29EDF158001DC422 /* Build configuration list for PBXNativeTarget "InstagramCloneTests" */;
			buildPhases = (
				63ED133029EDF158001DC422 /* Sources */,
				63ED133129EDF158001DC422 /* Frameworks */,
				63ED133229EDF158001DC422 /* Resources */,
			);
			buildRules = (
			);
			dependencies = (
				63ED133629EDF158001DC422 /* PBXTargetDependency */,
			);
			name = InstagramCloneTests;
			productName = InstagramCloneTests;
			productReference = 63ED133429EDF158001DC422 /* InstagramCloneTests.xctest */;
			productType = "com.apple.product-type.bundle.unit-test";
		};
		63ED133D29EDF158001DC422 /* InstagramCloneUITests */ = {
			isa = PBXNativeTarget;
			buildConfigurationList = 63ED134E29EDF158001DC422 /* Build configuration list for PBXNativeTarget "InstagramCloneUITests" */;
			buildPhases = (
				63ED133A29EDF158001DC422 /* Sources */,
				63ED133B29EDF158001DC422 /* Frameworks */,
				63ED133C29EDF158001DC422 /* Resources */,
			);
			buildRules = (
			);
			dependencies = (
				63ED134029EDF158001DC422 /* PBXTargetDependency */,
			);
			name = InstagramCloneUITests;
			productName = InstagramCloneUITests;
			productReference = 63ED133E29EDF158001DC422 /* InstagramCloneUITests.xctest */;
			productType = "com.apple.product-type.bundle.ui-testing";
		};
/* End PBXNativeTarget section */

/* Begin PBXProject section */
		63ED131629EDF157001DC422 /* Project object */ = {
			isa = PBXProject;
			attributes = {
				BuildIndependentTargetsInParallel = 1;
				LastSwiftUpdateCheck = 1420;
				LastUpgradeCheck = 1420;
				TargetAttributes = {
					63ED131D29EDF157001DC422 = {
						CreatedOnToolsVersion = 14.2;
					};
					63ED133329EDF158001DC422 = {
						CreatedOnToolsVersion = 14.2;
						TestTargetID = 63ED131D29EDF157001DC422;
					};
					63ED133D29EDF158001DC422 = {
						CreatedOnToolsVersion = 14.2;
						TestTargetID = 63ED131D29EDF157001DC422;
					};
				};
			};
			buildConfigurationList = 63ED131929EDF157001DC422 /* Build configuration list for PBXProject "InstagramClone" */;
			compatibilityVersion = "Xcode 14.0";
			developmentRegion = en;
			hasScannedForEncodings = 0;
			knownRegions = (
				en,
				Base,
			);
			mainGroup = 63ED131529EDF157001DC422;
			productRefGroup = 63ED131F29EDF157001DC422 /* Products */;
			projectDirPath = "";
			projectRoot = "";
			targets = (
				63ED131D29EDF157001DC422 /* InstagramClone */,
				63ED133329EDF158001DC422 /* InstagramCloneTests */,
				63ED133D29EDF158001DC422 /* InstagramCloneUITests */,
			);
		};
/* End PBXProject section */

/* Begin PBXResourcesBuildPhase section */
		63ED131C29EDF157001DC422 /* Resources */ = {
			isa = PBXResourcesBuildPhase;
			buildActionMask = 2147483647;
			files = (
				63ED132E29EDF158001DC422 /* LaunchScreen.storyboard in Resources */,
				63ED132B29EDF158001DC422 /* Assets.xcassets in Resources */,
				63ED132929EDF157001DC422 /* Main.storyboard in Resources */,
			);
			runOnlyForDeploymentPostprocessing = 0;
		};
		63ED133229EDF158001DC422 /* Resources */ = {
			isa = PBXResourcesBuildPhase;
			buildActionMask = 2147483647;
			files = (
			);
			runOnlyForDeploymentPostprocessing = 0;
		};
		63ED133C29EDF158001DC422 /* Resources */ = {
			isa = PBXResourcesBuildPhase;
			buildActionMask = 2147483647;
			files = (
			);
			runOnlyForDeploymentPostprocessing = 0;
		};
/* End PBXResourcesBuildPhase section */

/* Begin PBXSourcesBuildPhase section */
		63ED131A29EDF157001DC422 /* Sources */ = {
			isa = PBXSourcesBuildPhase;
			buildActionMask = 2147483647;
			files = (
				63ED137129F01B2B001DC422 /* ProfilePostTableViewCell.swift in Sources */,
				63ED132629EDF157001DC422 /* ViewController.swift in Sources */,
				63ED136329EEE0BC001DC422 /* PostModel.swift in Sources */,
				63ED135329EEC748001DC422 /* Section.swift in Sources */,
				63ED136829EFFEF7001DC422 /* PostsTableViewCell.swift in Sources */,
				63ED135D29EEDB63001DC422 /* StoriesCollectionViewCell.swift in Sources */,
				63ED135829EED9C3001DC422 /* HomePageViewController.swift in Sources */,
				63ED135629EECBC4001DC422 /* Bundle + Extension.swift in Sources */,
				63ED136A29F0114D001DC422 /* ProfileStoriesCollectionViewCell.swift in Sources */,
				63ED135A29EED9EB001DC422 /* ProfileViewController.swift in Sources */,
				63ED132229EDF157001DC422 /* AppDelegate.swift in Sources */,
				63ED136129EEDF28001DC422 /* UserModel.swift in Sources */,
				63ED136629EF454D001DC422 /* StoryModel.swift in Sources */,
				63ED132429EDF157001DC422 /* SceneDelegate.swift in Sources */,
			);
			runOnlyForDeploymentPostprocessing = 0;
		};
		63ED133029EDF158001DC422 /* Sources */ = {
			isa = PBXSourcesBuildPhase;
			buildActionMask = 2147483647;
			files = (
				63ED133929EDF158001DC422 /* InstagramCloneTests.swift in Sources */,
			);
			runOnlyForDeploymentPostprocessing = 0;
		};
		63ED133A29EDF158001DC422 /* Sources */ = {
			isa = PBXSourcesBuildPhase;
			buildActionMask = 2147483647;
			files = (
				63ED134329EDF158001DC422 /* InstagramCloneUITests.swift in Sources */,
				63ED134529EDF158001DC422 /* InstagramCloneUITestsLaunchTests.swift in Sources */,
			);
			runOnlyForDeploymentPostprocessing = 0;
		};
/* End PBXSourcesBuildPhase section */

/* Begin PBXTargetDependency section */
		63ED133629EDF158001DC422 /* PBXTargetDependency */ = {
			isa = PBXTargetDependency;
			target = 63ED131D29EDF157001DC422 /* InstagramClone */;
			targetProxy = 63ED133529EDF158001DC422 /* PBXContainerItemProxy */;
		};
		63ED134029EDF158001DC422 /* PBXTargetDependency */ = {
			isa = PBXTargetDependency;
			target = 63ED131D29EDF157001DC422 /* InstagramClone */;
			targetProxy = 63ED133F29EDF158001DC422 /* PBXContainerItemProxy */;
		};
/* End PBXTargetDependency section */

/* Begin PBXVariantGroup section */
		63ED132729EDF157001DC422 /* Main.storyboard */ = {
			isa = PBXVariantGroup;
			children = (
				63ED132829EDF157001DC422 /* Base */,
			);
			name = Main.storyboard;
			sourceTree = "<group>";
		};
		63ED132C29EDF158001DC422 /* LaunchScreen.storyboard */ = {
			isa = PBXVariantGroup;
			children = (
				63ED132D29EDF158001DC422 /* Base */,
			);
			name = LaunchScreen.storyboard;
			sourceTree = "<group>";
		};
/* End PBXVariantGroup section */

/* Begin XCBuildConfiguration section */
		63ED134629EDF158001DC422 /* Debug */ = {
			isa = XCBuildConfiguration;
			buildSettings = {
				ALWAYS_SEARCH_USER_PATHS = NO;
				CLANG_ANALYZER_NONNULL = YES;
				CLANG_ANALYZER_NUMBER_OBJECT_CONVERSION = YES_AGGRESSIVE;
				CLANG_CXX_LANGUAGE_STANDARD = "gnu++20";
				CLANG_ENABLE_MODULES = YES;
				CLANG_ENABLE_OBJC_ARC = YES;
				CLANG_ENABLE_OBJC_WEAK = YES;
				CLANG_WARN_BLOCK_CAPTURE_AUTORELEASING = YES;
				CLANG_WARN_BOOL_CONVERSION = YES;
				CLANG_WARN_COMMA = YES;
				CLANG_WARN_CONSTANT_CONVERSION = YES;
				CLANG_WARN_DEPRECATED_OBJC_IMPLEMENTATIONS = YES;
				CLANG_WARN_DIRECT_OBJC_ISA_USAGE = YES_ERROR;
				CLANG_WARN_DOCUMENTATION_COMMENTS = YES;
				CLANG_WARN_EMPTY_BODY = YES;
				CLANG_WARN_ENUM_CONVERSION = YES;
				CLANG_WARN_INFINITE_RECURSION = YES;
				CLANG_WARN_INT_CONVERSION = YES;
				CLANG_WARN_NON_LITERAL_NULL_CONVERSION = YES;
				CLANG_WARN_OBJC_IMPLICIT_RETAIN_SELF = YES;
				CLANG_WARN_OBJC_LITERAL_CONVERSION = YES;
				CLANG_WARN_OBJC_ROOT_CLASS = YES_ERROR;
				CLANG_WARN_QUOTED_INCLUDE_IN_FRAMEWORK_HEADER = YES;
				CLANG_WARN_RANGE_LOOP_ANALYSIS = YES;
				CLANG_WARN_STRICT_PROTOTYPES = YES;
				CLANG_WARN_SUSPICIOUS_MOVE = YES;
				CLANG_WARN_UNGUARDED_AVAILABILITY = YES_AGGRESSIVE;
				CLANG_WARN_UNREACHABLE_CODE = YES;
				CLANG_WARN__DUPLICATE_METHOD_MATCH = YES;
				COPY_PHASE_STRIP = NO;
				DEBUG_INFORMATION_FORMAT = dwarf;
				ENABLE_STRICT_OBJC_MSGSEND = YES;
				ENABLE_TESTABILITY = YES;
				GCC_C_LANGUAGE_STANDARD = gnu11;
				GCC_DYNAMIC_NO_PIC = NO;
				GCC_NO_COMMON_BLOCKS = YES;
				GCC_OPTIMIZATION_LEVEL = 0;
				GCC_PREPROCESSOR_DEFINITIONS = (
					"DEBUG=1",
					"$(inherited)",
				);
				GCC_WARN_64_TO_32_BIT_CONVERSION = YES;
				GCC_WARN_ABOUT_RETURN_TYPE = YES_ERROR;
				GCC_WARN_UNDECLARED_SELECTOR = YES;
				GCC_WARN_UNINITIALIZED_AUTOS = YES_AGGRESSIVE;
				GCC_WARN_UNUSED_FUNCTION = YES;
				GCC_WARN_UNUSED_VARIABLE = YES;
				IPHONEOS_DEPLOYMENT_TARGET = 16.2;
				MTL_ENABLE_DEBUG_INFO = INCLUDE_SOURCE;
				MTL_FAST_MATH = YES;
				ONLY_ACTIVE_ARCH = YES;
				SDKROOT = iphoneos;
				SWIFT_ACTIVE_COMPILATION_CONDITIONS = DEBUG;
				SWIFT_OPTIMIZATION_LEVEL = "-Onone";
			};
			name = Debug;
		};
		63ED134729EDF158001DC422 /* Release */ = {
			isa = XCBuildConfiguration;
			buildSettings = {
				ALWAYS_SEARCH_USER_PATHS = NO;
				CLANG_ANALYZER_NONNULL = YES;
				CLANG_ANALYZER_NUMBER_OBJECT_CONVERSION = YES_AGGRESSIVE;
				CLANG_CXX_LANGUAGE_STANDARD = "gnu++20";
				CLANG_ENABLE_MODULES = YES;
				CLANG_ENABLE_OBJC_ARC = YES;
				CLANG_ENABLE_OBJC_WEAK = YES;
				CLANG_WARN_BLOCK_CAPTURE_AUTORELEASING = YES;
				CLANG_WARN_BOOL_CONVERSION = YES;
				CLANG_WARN_COMMA = YES;
				CLANG_WARN_CONSTANT_CONVERSION = YES;
				CLANG_WARN_DEPRECATED_OBJC_IMPLEMENTATIONS = YES;
				CLANG_WARN_DIRECT_OBJC_ISA_USAGE = YES_ERROR;
				CLANG_WARN_DOCUMENTATION_COMMENTS = YES;
				CLANG_WARN_EMPTY_BODY = YES;
				CLANG_WARN_ENUM_CONVERSION = YES;
				CLANG_WARN_INFINITE_RECURSION = YES;
				CLANG_WARN_INT_CONVERSION = YES;
				CLANG_WARN_NON_LITERAL_NULL_CONVERSION = YES;
				CLANG_WARN_OBJC_IMPLICIT_RETAIN_SELF = YES;
				CLANG_WARN_OBJC_LITERAL_CONVERSION = YES;
				CLANG_WARN_OBJC_ROOT_CLASS = YES_ERROR;
				CLANG_WARN_QUOTED_INCLUDE_IN_FRAMEWORK_HEADER = YES;
				CLANG_WARN_RANGE_LOOP_ANALYSIS = YES;
				CLANG_WARN_STRICT_PROTOTYPES = YES;
				CLANG_WARN_SUSPICIOUS_MOVE = YES;
				CLANG_WARN_UNGUARDED_AVAILABILITY = YES_AGGRESSIVE;
				CLANG_WARN_UNREACHABLE_CODE = YES;
				CLANG_WARN__DUPLICATE_METHOD_MATCH = YES;
				COPY_PHASE_STRIP = NO;
				DEBUG_INFORMATION_FORMAT = "dwarf-with-dsym";
				ENABLE_NS_ASSERTIONS = NO;
				ENABLE_STRICT_OBJC_MSGSEND = YES;
				GCC_C_LANGUAGE_STANDARD = gnu11;
				GCC_NO_COMMON_BLOCKS = YES;
				GCC_WARN_64_TO_32_BIT_CONVERSION = YES;
				GCC_WARN_ABOUT_RETURN_TYPE = YES_ERROR;
				GCC_WARN_UNDECLARED_SELECTOR = YES;
				GCC_WARN_UNINITIALIZED_AUTOS = YES_AGGRESSIVE;
				GCC_WARN_UNUSED_FUNCTION = YES;
				GCC_WARN_UNUSED_VARIABLE = YES;
				IPHONEOS_DEPLOYMENT_TARGET = 16.2;
				MTL_ENABLE_DEBUG_INFO = NO;
				MTL_FAST_MATH = YES;
				SDKROOT = iphoneos;
				SWIFT_COMPILATION_MODE = wholemodule;
				SWIFT_OPTIMIZATION_LEVEL = "-O";
				VALIDATE_PRODUCT = YES;
			};
			name = Release;
		};
		63ED134929EDF158001DC422 /* Debug */ = {
			isa = XCBuildConfiguration;
			buildSettings = {
				ASSETCATALOG_COMPILER_APPICON_NAME = AppIcon;
				ASSETCATALOG_COMPILER_GLOBAL_ACCENT_COLOR_NAME = AccentColor;
				CODE_SIGN_STYLE = Automatic;
				CURRENT_PROJECT_VERSION = 1;
				GENERATE_INFOPLIST_FILE = YES;
				INFOPLIST_FILE = InstagramClone/Info.plist;
				INFOPLIST_KEY_UIApplicationSupportsIndirectInputEvents = YES;
				INFOPLIST_KEY_UILaunchStoryboardName = LaunchScreen;
				INFOPLIST_KEY_UIMainStoryboardFile = Main;
				INFOPLIST_KEY_UISupportedInterfaceOrientations_iPad = "UIInterfaceOrientationPortrait UIInterfaceOrientationPortraitUpsideDown UIInterfaceOrientationLandscapeLeft UIInterfaceOrientationLandscapeRight";
				INFOPLIST_KEY_UISupportedInterfaceOrientations_iPhone = "UIInterfaceOrientationPortrait UIInterfaceOrientationLandscapeLeft UIInterfaceOrientationLandscapeRight";
				LD_RUNPATH_SEARCH_PATHS = (
					"$(inherited)",
					"@executable_path/Frameworks",
				);
				MARKETING_VERSION = 1.0;
				PRODUCT_BUNDLE_IDENTIFIER = com.eminesinemgursoy.InstagramClone;
				PRODUCT_NAME = "$(TARGET_NAME)";
				SWIFT_EMIT_LOC_STRINGS = YES;
				SWIFT_VERSION = 5.0;
				TARGETED_DEVICE_FAMILY = "1,2";
			};
			name = Debug;
		};
		63ED134A29EDF158001DC422 /* Release */ = {
			isa = XCBuildConfiguration;
			buildSettings = {
				ASSETCATALOG_COMPILER_APPICON_NAME = AppIcon;
				ASSETCATALOG_COMPILER_GLOBAL_ACCENT_COLOR_NAME = AccentColor;
				CODE_SIGN_STYLE = Automatic;
				CURRENT_PROJECT_VERSION = 1;
				GENERATE_INFOPLIST_FILE = YES;
				INFOPLIST_FILE = InstagramClone/Info.plist;
				INFOPLIST_KEY_UIApplicationSupportsIndirectInputEvents = YES;
				INFOPLIST_KEY_UILaunchStoryboardName = LaunchScreen;
				INFOPLIST_KEY_UIMainStoryboardFile = Main;
				INFOPLIST_KEY_UISupportedInterfaceOrientations_iPad = "UIInterfaceOrientationPortrait UIInterfaceOrientationPortraitUpsideDown UIInterfaceOrientationLandscapeLeft UIInterfaceOrientationLandscapeRight";
				INFOPLIST_KEY_UISupportedInterfaceOrientations_iPhone = "UIInterfaceOrientationPortrait UIInterfaceOrientationLandscapeLeft UIInterfaceOrientationLandscapeRight";
				LD_RUNPATH_SEARCH_PATHS = (
					"$(inherited)",
					"@executable_path/Frameworks",
				);
				MARKETING_VERSION = 1.0;
				PRODUCT_BUNDLE_IDENTIFIER = com.eminesinemgursoy.InstagramClone;
				PRODUCT_NAME = "$(TARGET_NAME)";
				SWIFT_EMIT_LOC_STRINGS = YES;
				SWIFT_VERSION = 5.0;
				TARGETED_DEVICE_FAMILY = "1,2";
			};
			name = Release;
		};
		63ED134C29EDF158001DC422 /* Debug */ = {
			isa = XCBuildConfiguration;
			buildSettings = {
				ALWAYS_EMBED_SWIFT_STANDARD_LIBRARIES = YES;
				BUNDLE_LOADER = "$(TEST_HOST)";
				CODE_SIGN_STYLE = Automatic;
				CURRENT_PROJECT_VERSION = 1;
				GENERATE_INFOPLIST_FILE = YES;
				IPHONEOS_DEPLOYMENT_TARGET = 16.2;
				MARKETING_VERSION = 1.0;
				PRODUCT_BUNDLE_IDENTIFIER = com.eminesinemgursoy.InstagramCloneTests;
				PRODUCT_NAME = "$(TARGET_NAME)";
				SWIFT_EMIT_LOC_STRINGS = NO;
				SWIFT_VERSION = 5.0;
				TARGETED_DEVICE_FAMILY = "1,2";
				TEST_HOST = "$(BUILT_PRODUCTS_DIR)/InstagramClone.app/$(BUNDLE_EXECUTABLE_FOLDER_PATH)/InstagramClone";
			};
			name = Debug;
		};
		63ED134D29EDF158001DC422 /* Release */ = {
			isa = XCBuildConfiguration;
			buildSettings = {
				ALWAYS_EMBED_SWIFT_STANDARD_LIBRARIES = YES;
				BUNDLE_LOADER = "$(TEST_HOST)";
				CODE_SIGN_STYLE = Automatic;
				CURRENT_PROJECT_VERSION = 1;
				GENERATE_INFOPLIST_FILE = YES;
				IPHONEOS_DEPLOYMENT_TARGET = 16.2;
				MARKETING_VERSION = 1.0;
				PRODUCT_BUNDLE_IDENTIFIER = com.eminesinemgursoy.InstagramCloneTests;
				PRODUCT_NAME = "$(TARGET_NAME)";
				SWIFT_EMIT_LOC_STRINGS = NO;
				SWIFT_VERSION = 5.0;
				TARGETED_DEVICE_FAMILY = "1,2";
				TEST_HOST = "$(BUILT_PRODUCTS_DIR)/InstagramClone.app/$(BUNDLE_EXECUTABLE_FOLDER_PATH)/InstagramClone";
			};
			name = Release;
		};
		63ED134F29EDF158001DC422 /* Debug */ = {
			isa = XCBuildConfiguration;
			buildSettings = {
				ALWAYS_EMBED_SWIFT_STANDARD_LIBRARIES = YES;
				CODE_SIGN_STYLE = Automatic;
				CURRENT_PROJECT_VERSION = 1;
				GENERATE_INFOPLIST_FILE = YES;
				MARKETING_VERSION = 1.0;
				PRODUCT_BUNDLE_IDENTIFIER = com.eminesinemgursoy.InstagramCloneUITests;
				PRODUCT_NAME = "$(TARGET_NAME)";
				SWIFT_EMIT_LOC_STRINGS = NO;
				SWIFT_VERSION = 5.0;
				TARGETED_DEVICE_FAMILY = "1,2";
				TEST_TARGET_NAME = InstagramClone;
			};
			name = Debug;
		};
		63ED135029EDF158001DC422 /* Release */ = {
			isa = XCBuildConfiguration;
			buildSettings = {
				ALWAYS_EMBED_SWIFT_STANDARD_LIBRARIES = YES;
				CODE_SIGN_STYLE = Automatic;
				CURRENT_PROJECT_VERSION = 1;
				GENERATE_INFOPLIST_FILE = YES;
				MARKETING_VERSION = 1.0;
				PRODUCT_BUNDLE_IDENTIFIER = com.eminesinemgursoy.InstagramCloneUITests;
				PRODUCT_NAME = "$(TARGET_NAME)";
				SWIFT_EMIT_LOC_STRINGS = NO;
				SWIFT_VERSION = 5.0;
				TARGETED_DEVICE_FAMILY = "1,2";
				TEST_TARGET_NAME = InstagramClone;
			};
			name = Release;
		};
/* End XCBuildConfiguration section */

/* Begin XCConfigurationList section */
		63ED131929EDF157001DC422 /* Build configuration list for PBXProject "InstagramClone" */ = {
			isa = XCConfigurationList;
			buildConfigurations = (
				63ED134629EDF158001DC422 /* Debug */,
				63ED134729EDF158001DC422 /* Release */,
			);
			defaultConfigurationIsVisible = 0;
			defaultConfigurationName = Release;
		};
		63ED134829EDF158001DC422 /* Build configuration list for PBXNativeTarget "InstagramClone" */ = {
			isa = XCConfigurationList;
			buildConfigurations = (
				63ED134929EDF158001DC422 /* Debug */,
				63ED134A29EDF158001DC422 /* Release */,
			);
			defaultConfigurationIsVisible = 0;
			defaultConfigurationName = Release;
		};
		63ED134B29EDF158001DC422 /* Build configuration list for PBXNativeTarget "InstagramCloneTests" */ = {
			isa = XCConfigurationList;
			buildConfigurations = (
				63ED134C29EDF158001DC422 /* Debug */,
				63ED134D29EDF158001DC422 /* Release */,
			);
			defaultConfigurationIsVisible = 0;
			defaultConfigurationName = Release;
		};
		63ED134E29EDF158001DC422 /* Build configuration list for PBXNativeTarget "InstagramCloneUITests" */ = {
			isa = XCConfigurationList;
			buildConfigurations = (
				63ED134F29EDF158001DC422 /* Debug */,
				63ED135029EDF158001DC422 /* Release */,
			);
			defaultConfigurationIsVisible = 0;
			defaultConfigurationName = Release;
		};
/* End XCConfigurationList section */
	};
	rootObject = 63ED131629EDF157001DC422 /* Project object */;
}
